
Microsoft Visual Studio Solution File, Format Version 12.00
# Visual Studio Version 17
VisualStudioVersion = 17.3.32804.467
MinimumVisualStudioVersion = 10.0.40219.1
Project("{9A19103F-16F7-4668-BE54-9A1E7A4F7556}") = "API", "API.csproj", "{C9876EBD-3A3F-46E2-B0D2-17B348094747}"
EndProject
Project("{FAE04EC0-301F-11D3-BF4B-00C04F79EFBC}") = "Schemas", "..\Schemas\Schemas.csproj", "{217AE1D8-FD40-4EFC-8C19-133FBC3283FA}"
EndProject
Global
	GlobalSection(SolutionConfigurationPlatforms) = preSolution
		Debug|Any CPU = Debug|Any CPU
		Release|Any CPU = Release|Any CPU
	EndGlobalSection
	GlobalSection(ProjectConfigurationPlatforms) = postSolution
		{C9876EBD-3A3F-46E2-B0D2-17B348094747}.Debug|Any CPU.ActiveCfg = Debug|Any CPU
		{C9876EBD-3A3F-46E2-B0D2-17B348094747}.Debug|Any CPU.Build.0 = Debug|Any CPU
		{C9876EBD-3A3F-46E2-B0D2-17B348094747}.Release|Any CPU.ActiveCfg = Release|Any CPU
		{C9876EBD-3A3F-46E2-B0D2-17B348094747}.Release|Any CPU.Build.0 = Release|Any CPU
		{217AE1D8-FD40-4EFC-8C19-133FBC3283FA}.Debug|Any CPU.ActiveCfg = Debug|Any CPU
		{217AE1D8-FD40-4EFC-8C19-133FBC3283FA}.Debug|Any CPU.Build.0 = Debug|Any CPU
		{217AE1D8-FD40-4EFC-8C19-133FBC3283FA}.Release|Any CPU.ActiveCfg = Release|Any CPU
		{217AE1D8-FD40-4EFC-8C19-133FBC3283FA}.Release|Any CPU.Build.0 = Release|Any CPU
	EndGlobalSection
	GlobalSection(SolutionProperties) = preSolution
		HideSolutionNode = FALSE
	EndGlobalSection
	GlobalSection(ExtensibilityGlobals) = postSolution
		SolutionGuid = {C705D591-3CCB-4AE4-A2DB-0CA332F3CBCE}
	EndGlobalSection
EndGlobal
